<?xml version="1.0" encoding="utf-8"?>
<Project ToolsVersion="4.0" xmlns="http://schemas.microsoft.com/developer/msbuild/2003">
  <ItemGroup>
    <ClCompile Include="src\main.cpp" />
    <ClCompile Include="src\Ui\MainFrame.cpp">
      <Filter>Ui</Filter>
    </ClCompile>
    <ClCompile Include="src\App\App.cpp">
      <Filter>App</Filter>
    </ClCompile>
    <ClCompile Include="src\Core\Board.cpp">
      <Filter>Core</Filter>
    </ClCompile>
    <ClCompile Include="BoardUI.cpp">
      <Filter>Ui</Filter>
    </ClCompile>
  </ItemGroup>
  <ItemGroup>
    <Filter Include="App">
      <UniqueIdentifier>{be953021-4749-4192-b400-653f71d16a5d}</UniqueIdentifier>
    </Filter>
    <Filter Include="Ui">
      <UniqueIdentifier>{b11d6cd4-455a-4bd4-97eb-c5155895c11f}</UniqueIdentifier>
    </Filter>
    <Filter Include="Core">
      <UniqueIdentifier>{2eb8d9f3-25a8-4ddc-a1da-669edfb15c67}</UniqueIdentifier>
    </Filter>
  </ItemGroup>
  <ItemGroup>
    <ClInclude Include="src\Ui\BoardUI.h">
      <Filter>Ui</Filter>
    </ClInclude>
    <ClInclude Include="src\Ui\MainFrame.h">
      <Filter>Ui</Filter>
    </ClInclude>
    <ClInclude Include="src\App\App.h">
      <Filter>App</Filter>
    </ClInclude>
    <ClInclude Include="src\Core\Board.h">
      <Filter>Core</Filter>
    </ClInclude>
  </ItemGroup>
</Project>